
Microsoft Visual Studio Solution File, Format Version 12.00
# Visual Studio Version 16
VisualStudioVersion = 16.0.31205.134
MinimumVisualStudioVersion = 10.0.40219.1
Project("{9A19103F-16F7-4668-BE54-9A1E7A4F7556}") = "ASP.netCorePracticeList", "ASP.netCorePracticeList\ASP.netCorePracticeList.csproj", "{AF0FAB8B-97E7-4EBB-9745-66FC686A6B0E}"
EndProject
Global
	GlobalSection(SolutionConfigurationPlatforms) = preSolution
		Debug|Any CPU = Debug|Any CPU
		Release|Any CPU = Release|Any CPU
	EndGlobalSection
	GlobalSection(ProjectConfigurationPlatforms) = postSolution
		{AF0FAB8B-97E7-4EBB-9745-66FC686A6B0E}.Debug|Any CPU.ActiveCfg = Debug|Any CPU
		{AF0FAB8B-97E7-4EBB-9745-66FC686A6B0E}.Debug|Any CPU.Build.0 = Debug|Any CPU
		{AF0FAB8B-97E7-4EBB-9745-66FC686A6B0E}.Release|Any CPU.ActiveCfg = Release|Any CPU
		{AF0FAB8B-97E7-4EBB-9745-66FC686A6B0E}.Release|Any CPU.Build.0 = Release|Any CPU
	EndGlobalSection
	GlobalSection(SolutionProperties) = preSolution
		HideSolutionNode = FALSE
	EndGlobalSection
	GlobalSection(ExtensibilityGlobals) = postSolution
		SolutionGuid = {FB1225B3-D7E5-4E3A-9C45-BC2C1AE11D5E}
	EndGlobalSection
EndGlobal
